
Microsoft Visual Studio Solution File, Format Version 12.00
Project("{2150E333-8FDC-42A3-9474-1A3956D46DE8}") = "src", "src", "{4DE3CE42-439A-4902-A51E-31B16F79E85E}"
EndProject
Project("{2150E333-8FDC-42A3-9474-1A3956D46DE8}") = "architecture", "architecture", "{4CFDCC4D-1E79-4715-9475-EFDB74A63F57}"
EndProject
Project("{2150E333-8FDC-42A3-9474-1A3956D46DE8}") = "package", "package", "{48547A25-C393-4AE6-A448-DA9B8ACB3045}"
EndProject
Project("{2150E333-8FDC-42A3-9474-1A3956D46DE8}") = "Boundaries", "Boundaries", "{5B849346-E2AE-4FB1-8100-B812A6B2790E}"
EndProject
Project("{2150E333-8FDC-42A3-9474-1A3956D46DE8}") = "EntityFrameworkCore", "EntityFrameworkCore", "{E32CE194-48DE-45E9-AC04-36F4465F95E8}"
EndProject
Project("{2150E333-8FDC-42A3-9474-1A3956D46DE8}") = "Http", "Http", "{5B989937-D90F-47A8-AF65-F559AF87C544}"
EndProject
Project("{FAE04EC0-301F-11D3-BF4B-00C04F79EFBC}") = "Khuyaway.Common", "src\package\Khuyaway.Common\Khuyaway.Common.csproj", "{79D1A0BD-DB66-4D05-82D9-360542E3232A}"
EndProject
Project("{FAE04EC0-301F-11D3-BF4B-00C04F79EFBC}") = "Khuyaway.Boundaries", "src\package\Khuyaway.Boundaries\Khuyaway.Boundaries.csproj", "{808E0677-9392-4CE7-BA1B-DFF7C17EC441}"
EndProject
Project("{FAE04EC0-301F-11D3-BF4B-00C04F79EFBC}") = "Khuyaway.Boundaries.Abstractions", "src\package\Khuyaway.Boundaries.Abstractions\Khuyaway.Boundaries.Abstractions.csproj", "{E51C7A23-CAC9-4BB9-A884-71844D438E8F}"
EndProject
Project("{FAE04EC0-301F-11D3-BF4B-00C04F79EFBC}") = "Khuyaway.EntityFrameworkCore", "src\package\Khuyaway.EntityFrameworkCore\Khuyaway.EntityFrameworkCore.csproj", "{27083B5C-4060-4479-8FCE-67A0EF2A582D}"
EndProject
Project("{FAE04EC0-301F-11D3-BF4B-00C04F79EFBC}") = "Khuyaway.EntityFrameworkCore.Abstractions", "src\package\Khuyaway.EntityFrameworkCore.Abstractions\Khuyaway.EntityFrameworkCore.Abstractions.csproj", "{2D88F9CF-DFDA-436F-8EAA-F11F4195693F}"
EndProject
Project("{FAE04EC0-301F-11D3-BF4B-00C04F79EFBC}") = "Khuyaway.EntityFrameworkCore.Interceptors", "src\package\Khuyaway.EntityFrameworkCore.Interceptors\Khuyaway.EntityFrameworkCore.Interceptors.csproj", "{4377D9E5-63BC-4B1A-8C90-E33B2E321081}"
EndProject
Project("{FAE04EC0-301F-11D3-BF4B-00C04F79EFBC}") = "Khuyaway.Http", "src\package\Khuyaway.Http\Khuyaway.Http.csproj", "{18A4D889-0910-49B9-ADAC-93E816575C32}"
EndProject
Project("{FAE04EC0-301F-11D3-BF4B-00C04F79EFBC}") = "Khuyaway.Http.Presenters", "src\package\Khuyaway.Http.Presenters\Khuyaway.Http.Presenters.csproj", "{71184EF1-9704-4FFD-A28B-037F2AA5DEC8}"
EndProject
Project("{2150E333-8FDC-42A3-9474-1A3956D46DE8}") = "Backend", "Backend", "{B06E875E-B960-4ABE-A565-888E56ECF5B8}"
EndProject
Project("{2150E333-8FDC-42A3-9474-1A3956D46DE8}") = "Frontend", "Frontend", "{AD84DDFE-70F5-43CF-A194-519CE4EEF4D0}"
EndProject
Project("{FAE04EC0-301F-11D3-BF4B-00C04F79EFBC}") = "Domain", "src\architecture\Domain\Domain.csproj", "{07476C71-71FC-4730-92D9-900F8D45EC28}"
EndProject
Project("{FAE04EC0-301F-11D3-BF4B-00C04F79EFBC}") = "Application", "src\architecture\Backend\Application\Application.csproj", "{11E8FA7E-26EB-4A9C-90E6-CB78CD835C45}"
EndProject
Project("{FAE04EC0-301F-11D3-BF4B-00C04F79EFBC}") = "Infrastructure", "src\architecture\Backend\Infrastructure\Infrastructure.csproj", "{7CB14D83-C115-4577-A7E7-CDA119A8CFD4}"
EndProject
Project("{FAE04EC0-301F-11D3-BF4B-00C04F79EFBC}") = "Gateway", "src\architecture\Frontend\Gateway\Gateway.csproj", "{FA02AE22-6F4E-4D1F-8AF9-ECFCBAEB50A0}"
EndProject
Global
	GlobalSection(SolutionConfigurationPlatforms) = preSolution
		Debug|Any CPU = Debug|Any CPU
		Release|Any CPU = Release|Any CPU
	EndGlobalSection
	GlobalSection(NestedProjects) = preSolution
		{4CFDCC4D-1E79-4715-9475-EFDB74A63F57} = {4DE3CE42-439A-4902-A51E-31B16F79E85E}
		{48547A25-C393-4AE6-A448-DA9B8ACB3045} = {4DE3CE42-439A-4902-A51E-31B16F79E85E}
		{5B849346-E2AE-4FB1-8100-B812A6B2790E} = {48547A25-C393-4AE6-A448-DA9B8ACB3045}
		{E32CE194-48DE-45E9-AC04-36F4465F95E8} = {48547A25-C393-4AE6-A448-DA9B8ACB3045}
		{5B989937-D90F-47A8-AF65-F559AF87C544} = {48547A25-C393-4AE6-A448-DA9B8ACB3045}
		{79D1A0BD-DB66-4D05-82D9-360542E3232A} = {48547A25-C393-4AE6-A448-DA9B8ACB3045}
		{808E0677-9392-4CE7-BA1B-DFF7C17EC441} = {5B849346-E2AE-4FB1-8100-B812A6B2790E}
		{E51C7A23-CAC9-4BB9-A884-71844D438E8F} = {5B849346-E2AE-4FB1-8100-B812A6B2790E}
		{27083B5C-4060-4479-8FCE-67A0EF2A582D} = {E32CE194-48DE-45E9-AC04-36F4465F95E8}
		{2D88F9CF-DFDA-436F-8EAA-F11F4195693F} = {E32CE194-48DE-45E9-AC04-36F4465F95E8}
		{4377D9E5-63BC-4B1A-8C90-E33B2E321081} = {E32CE194-48DE-45E9-AC04-36F4465F95E8}
		{18A4D889-0910-49B9-ADAC-93E816575C32} = {5B989937-D90F-47A8-AF65-F559AF87C544}
		{71184EF1-9704-4FFD-A28B-037F2AA5DEC8} = {5B989937-D90F-47A8-AF65-F559AF87C544}
		{B06E875E-B960-4ABE-A565-888E56ECF5B8} = {4CFDCC4D-1E79-4715-9475-EFDB74A63F57}
		{AD84DDFE-70F5-43CF-A194-519CE4EEF4D0} = {4CFDCC4D-1E79-4715-9475-EFDB74A63F57}
		{07476C71-71FC-4730-92D9-900F8D45EC28} = {4CFDCC4D-1E79-4715-9475-EFDB74A63F57}
		{11E8FA7E-26EB-4A9C-90E6-CB78CD835C45} = {B06E875E-B960-4ABE-A565-888E56ECF5B8}
		{7CB14D83-C115-4577-A7E7-CDA119A8CFD4} = {B06E875E-B960-4ABE-A565-888E56ECF5B8}
		{FA02AE22-6F4E-4D1F-8AF9-ECFCBAEB50A0} = {AD84DDFE-70F5-43CF-A194-519CE4EEF4D0}
	EndGlobalSection
	GlobalSection(ProjectConfigurationPlatforms) = postSolution
		{79D1A0BD-DB66-4D05-82D9-360542E3232A}.Debug|Any CPU.ActiveCfg = Debug|Any CPU
		{79D1A0BD-DB66-4D05-82D9-360542E3232A}.Debug|Any CPU.Build.0 = Debug|Any CPU
		{79D1A0BD-DB66-4D05-82D9-360542E3232A}.Release|Any CPU.ActiveCfg = Release|Any CPU
		{79D1A0BD-DB66-4D05-82D9-360542E3232A}.Release|Any CPU.Build.0 = Release|Any CPU
		{808E0677-9392-4CE7-BA1B-DFF7C17EC441}.Debug|Any CPU.ActiveCfg = Debug|Any CPU
		{808E0677-9392-4CE7-BA1B-DFF7C17EC441}.Debug|Any CPU.Build.0 = Debug|Any CPU
		{808E0677-9392-4CE7-BA1B-DFF7C17EC441}.Release|Any CPU.ActiveCfg = Release|Any CPU
		{808E0677-9392-4CE7-BA1B-DFF7C17EC441}.Release|Any CPU.Build.0 = Release|Any CPU
		{E51C7A23-CAC9-4BB9-A884-71844D438E8F}.Debug|Any CPU.ActiveCfg = Debug|Any CPU
		{E51C7A23-CAC9-4BB9-A884-71844D438E8F}.Debug|Any CPU.Build.0 = Debug|Any CPU
		{E51C7A23-CAC9-4BB9-A884-71844D438E8F}.Release|Any CPU.ActiveCfg = Release|Any CPU
		{E51C7A23-CAC9-4BB9-A884-71844D438E8F}.Release|Any CPU.Build.0 = Release|Any CPU
		{27083B5C-4060-4479-8FCE-67A0EF2A582D}.Debug|Any CPU.ActiveCfg = Debug|Any CPU
		{27083B5C-4060-4479-8FCE-67A0EF2A582D}.Debug|Any CPU.Build.0 = Debug|Any CPU
		{27083B5C-4060-4479-8FCE-67A0EF2A582D}.Release|Any CPU.ActiveCfg = Release|Any CPU
		{27083B5C-4060-4479-8FCE-67A0EF2A582D}.Release|Any CPU.Build.0 = Release|Any CPU
		{2D88F9CF-DFDA-436F-8EAA-F11F4195693F}.Debug|Any CPU.ActiveCfg = Debug|Any CPU
		{2D88F9CF-DFDA-436F-8EAA-F11F4195693F}.Debug|Any CPU.Build.0 = Debug|Any CPU
		{2D88F9CF-DFDA-436F-8EAA-F11F4195693F}.Release|Any CPU.ActiveCfg = Release|Any CPU
		{2D88F9CF-DFDA-436F-8EAA-F11F4195693F}.Release|Any CPU.Build.0 = Release|Any CPU
		{4377D9E5-63BC-4B1A-8C90-E33B2E321081}.Debug|Any CPU.ActiveCfg = Debug|Any CPU
		{4377D9E5-63BC-4B1A-8C90-E33B2E321081}.Debug|Any CPU.Build.0 = Debug|Any CPU
		{4377D9E5-63BC-4B1A-8C90-E33B2E321081}.Release|Any CPU.ActiveCfg = Release|Any CPU
		{4377D9E5-63BC-4B1A-8C90-E33B2E321081}.Release|Any CPU.Build.0 = Release|Any CPU
		{18A4D889-0910-49B9-ADAC-93E816575C32}.Debug|Any CPU.ActiveCfg = Debug|Any CPU
		{18A4D889-0910-49B9-ADAC-93E816575C32}.Debug|Any CPU.Build.0 = Debug|Any CPU
		{18A4D889-0910-49B9-ADAC-93E816575C32}.Release|Any CPU.ActiveCfg = Release|Any CPU
		{18A4D889-0910-49B9-ADAC-93E816575C32}.Release|Any CPU.Build.0 = Release|Any CPU
		{71184EF1-9704-4FFD-A28B-037F2AA5DEC8}.Debug|Any CPU.ActiveCfg = Debug|Any CPU
		{71184EF1-9704-4FFD-A28B-037F2AA5DEC8}.Debug|Any CPU.Build.0 = Debug|Any CPU
		{71184EF1-9704-4FFD-A28B-037F2AA5DEC8}.Release|Any CPU.ActiveCfg = Release|Any CPU
		{71184EF1-9704-4FFD-A28B-037F2AA5DEC8}.Release|Any CPU.Build.0 = Release|Any CPU
		{07476C71-71FC-4730-92D9-900F8D45EC28}.Debug|Any CPU.ActiveCfg = Debug|Any CPU
		{07476C71-71FC-4730-92D9-900F8D45EC28}.Debug|Any CPU.Build.0 = Debug|Any CPU
		{07476C71-71FC-4730-92D9-900F8D45EC28}.Release|Any CPU.ActiveCfg = Release|Any CPU
		{07476C71-71FC-4730-92D9-900F8D45EC28}.Release|Any CPU.Build.0 = Release|Any CPU
		{11E8FA7E-26EB-4A9C-90E6-CB78CD835C45}.Debug|Any CPU.ActiveCfg = Debug|Any CPU
		{11E8FA7E-26EB-4A9C-90E6-CB78CD835C45}.Debug|Any CPU.Build.0 = Debug|Any CPU
		{11E8FA7E-26EB-4A9C-90E6-CB78CD835C45}.Release|Any CPU.ActiveCfg = Release|Any CPU
		{11E8FA7E-26EB-4A9C-90E6-CB78CD835C45}.Release|Any CPU.Build.0 = Release|Any CPU
		{7CB14D83-C115-4577-A7E7-CDA119A8CFD4}.Debug|Any CPU.ActiveCfg = Debug|Any CPU
		{7CB14D83-C115-4577-A7E7-CDA119A8CFD4}.Debug|Any CPU.Build.0 = Debug|Any CPU
		{7CB14D83-C115-4577-A7E7-CDA119A8CFD4}.Release|Any CPU.ActiveCfg = Release|Any CPU
		{7CB14D83-C115-4577-A7E7-CDA119A8CFD4}.Release|Any CPU.Build.0 = Release|Any CPU
		{FA02AE22-6F4E-4D1F-8AF9-ECFCBAEB50A0}.Debug|Any CPU.ActiveCfg = Debug|Any CPU
		{FA02AE22-6F4E-4D1F-8AF9-ECFCBAEB50A0}.Debug|Any CPU.Build.0 = Debug|Any CPU
		{FA02AE22-6F4E-4D1F-8AF9-ECFCBAEB50A0}.Release|Any CPU.ActiveCfg = Release|Any CPU
		{FA02AE22-6F4E-4D1F-8AF9-ECFCBAEB50A0}.Release|Any CPU.Build.0 = Release|Any CPU
	EndGlobalSection
EndGlobal
